<?xml version="1.0" encoding="utf-8"?>
<Project ToolsVersion="4.0" xmlns="http://schemas.microsoft.com/developer/msbuild/2003">
  <ItemGroup>
    <Filter Include="Common">
      <UniqueIdentifier>{6a885e4d-e075-461e-bfae-f0cc088d207b}</UniqueIdentifier>
    </Filter>
    <Filter Include="VIBuffer">
      <UniqueIdentifier>{15e8aed7-a3db-4247-b6ee-e036f0c7b195}</UniqueIdentifier>
    </Filter>
    <Filter Include="VIBuffer\BoxBuffer">
      <UniqueIdentifier>{f990fa64-347b-4e4a-8604-f4789614577e}</UniqueIdentifier>
    </Filter>
  </ItemGroup>
  <ItemGroup>
    <ClCompile Include="d3dApp.cpp">
      <Filter>Common</Filter>
    </ClCompile>
    <ClCompile Include="d3dUtil.cpp">
      <Filter>Common</Filter>
    </ClCompile>
    <ClCompile Include="GameTimer.cpp">
      <Filter>Common</Filter>
    </ClCompile>
    <ClCompile Include="BoxBuffer.cpp">
      <Filter>VIBuffer\BoxBuffer</Filter>
    </ClCompile>
    <ClCompile Include="VIBuffer.cpp">
      <Filter>VIBuffer</Filter>
    </ClCompile>
    <ClCompile Include="Init Direct3D.cpp" />
  </ItemGroup>
  <ItemGroup>
    <ClInclude Include="d3dApp.h">
      <Filter>Common</Filter>
    </ClInclude>
    <ClInclude Include="d3dUtil.h">
      <Filter>Common</Filter>
    </ClInclude>
    <ClInclude Include="GameTimer.h">
      <Filter>Common</Filter>
    </ClInclude>
    <ClInclude Include="BoxBuffer.h">
      <Filter>VIBuffer\BoxBuffer</Filter>
    </ClInclude>
    <ClInclude Include="VIBuffer.h">
      <Filter>VIBuffer</Filter>
    </ClInclude>
    <ClInclude Include="Define.h">
      <Filter>Common</Filter>
    </ClInclude>
  </ItemGroup>
</Project>